
Microsoft Visual Studio Solution File, Format Version 12.00
# Visual Studio Version 17
VisualStudioVersion = 17.4.33122.133
MinimumVisualStudioVersion = 10.0.40219.1
Project("{9A19103F-16F7-4668-BE54-9A1E7A4F7556}") = "Api", "TarefasWeb\Api.csproj", "{BFDC271E-6511-487E-BCDE-8F13EB4A7F11}"
EndProject
Project("{9A19103F-16F7-4668-BE54-9A1E7A4F7556}") = "Domain", "Domain\Domain.csproj", "{753E8DCF-6154-452C-B197-60F320AA428A}"
EndProject
Project("{9A19103F-16F7-4668-BE54-9A1E7A4F7556}") = "Infra", "Infra\Infra.csproj", "{281C4330-B9DD-43D9-B491-397D30CB6A5D}"
EndProject
Project("{9A19103F-16F7-4668-BE54-9A1E7A4F7556}") = "Service", "Service\Service.csproj", "{2BB6972C-9073-4A96-9308-4D3A622DDFBB}"
EndProject
Project("{FAE04EC0-301F-11D3-BF4B-00C04F79EFBC}") = "InfraInversionControl", "InfraInversionControl\InfraInversionControl.csproj", "{2C9DCB17-D9A3-48B6-B964-46F98D277C6E}"
EndProject
Global
	GlobalSection(SolutionConfigurationPlatforms) = preSolution
		Debug|Any CPU = Debug|Any CPU
		Release|Any CPU = Release|Any CPU
	EndGlobalSection
	GlobalSection(ProjectConfigurationPlatforms) = postSolution
		{BFDC271E-6511-487E-BCDE-8F13EB4A7F11}.Debug|Any CPU.ActiveCfg = Debug|Any CPU
		{BFDC271E-6511-487E-BCDE-8F13EB4A7F11}.Debug|Any CPU.Build.0 = Debug|Any CPU
		{BFDC271E-6511-487E-BCDE-8F13EB4A7F11}.Release|Any CPU.ActiveCfg = Release|Any CPU
		{BFDC271E-6511-487E-BCDE-8F13EB4A7F11}.Release|Any CPU.Build.0 = Release|Any CPU
		{753E8DCF-6154-452C-B197-60F320AA428A}.Debug|Any CPU.ActiveCfg = Debug|Any CPU
		{753E8DCF-6154-452C-B197-60F320AA428A}.Debug|Any CPU.Build.0 = Debug|Any CPU
		{753E8DCF-6154-452C-B197-60F320AA428A}.Release|Any CPU.ActiveCfg = Release|Any CPU
		{753E8DCF-6154-452C-B197-60F320AA428A}.Release|Any CPU.Build.0 = Release|Any CPU
		{281C4330-B9DD-43D9-B491-397D30CB6A5D}.Debug|Any CPU.ActiveCfg = Debug|Any CPU
		{281C4330-B9DD-43D9-B491-397D30CB6A5D}.Debug|Any CPU.Build.0 = Debug|Any CPU
		{281C4330-B9DD-43D9-B491-397D30CB6A5D}.Release|Any CPU.ActiveCfg = Release|Any CPU
		{281C4330-B9DD-43D9-B491-397D30CB6A5D}.Release|Any CPU.Build.0 = Release|Any CPU
		{2BB6972C-9073-4A96-9308-4D3A622DDFBB}.Debug|Any CPU.ActiveCfg = Debug|Any CPU
		{2BB6972C-9073-4A96-9308-4D3A622DDFBB}.Debug|Any CPU.Build.0 = Debug|Any CPU
		{2BB6972C-9073-4A96-9308-4D3A622DDFBB}.Release|Any CPU.ActiveCfg = Release|Any CPU
		{2BB6972C-9073-4A96-9308-4D3A622DDFBB}.Release|Any CPU.Build.0 = Release|Any CPU
		{2C9DCB17-D9A3-48B6-B964-46F98D277C6E}.Debug|Any CPU.ActiveCfg = Debug|Any CPU
		{2C9DCB17-D9A3-48B6-B964-46F98D277C6E}.Debug|Any CPU.Build.0 = Debug|Any CPU
		{2C9DCB17-D9A3-48B6-B964-46F98D277C6E}.Release|Any CPU.ActiveCfg = Release|Any CPU
		{2C9DCB17-D9A3-48B6-B964-46F98D277C6E}.Release|Any CPU.Build.0 = Release|Any CPU
	EndGlobalSection
	GlobalSection(SolutionProperties) = preSolution
		HideSolutionNode = FALSE
	EndGlobalSection
	GlobalSection(ExtensibilityGlobals) = postSolution
		SolutionGuid = {C3B72A90-A6BB-48B6-A681-FE687471641F}
	EndGlobalSection
EndGlobal
